// !$*UTF8*$!
{
	archiveVersion = 1;
	classes = {
	};
	objectVersion = 50;
	objects = {

/* Begin PBXBuildFile section */
		F4C82D2E23063D0500A5D241 /* AppDelegate.swift in Sources */ = {isa = PBXBuildFile; fileRef = F4C82D2D23063D0500A5D241 /* AppDelegate.swift */; };
		F4C82D3023063D0500A5D241 /* ViewController.swift in Sources */ = {isa = PBXBuildFile; fileRef = F4C82D2F23063D0500A5D241 /* ViewController.swift */; };
		F4C82D3323063D0500A5D241 /* Main.storyboard in Resources */ = {isa = PBXBuildFile; fileRef = F4C82D3123063D0500A5D241 /* Main.storyboard */; };
		F4C82D3523063D0800A5D241 /* Assets.xcassets in Resources */ = {isa = PBXBuildFile; fileRef = F4C82D3423063D0800A5D241 /* Assets.xcassets */; };
		F4C82D3823063D0800A5D241 /* LaunchScreen.storyboard in Resources */ = {isa = PBXBuildFile; fileRef = F4C82D3623063D0800A5D241 /* LaunchScreen.storyboard */; };
		F4C82D8323068BA800A5D241 /* JYBaseTextFiled.swift in Sources */ = {isa = PBXBuildFile; fileRef = F4C82D7B23068BA800A5D241 /* JYBaseTextFiled.swift */; };
		F4C82D8423068BA800A5D241 /* JYBaseScrollView.swift in Sources */ = {isa = PBXBuildFile; fileRef = F4C82D7C23068BA800A5D241 /* JYBaseScrollView.swift */; };
		F4C82D8523068BA800A5D241 /* JYBaseButton.swift in Sources */ = {isa = PBXBuildFile; fileRef = F4C82D7D23068BA800A5D241 /* JYBaseButton.swift */; };
		F4C82D8623068BA800A5D241 /* JYBaseTableView.swift in Sources */ = {isa = PBXBuildFile; fileRef = F4C82D7E23068BA800A5D241 /* JYBaseTableView.swift */; };
		F4C82D8723068BA800A5D241 /* JYBaseLabel.swift in Sources */ = {isa = PBXBuildFile; fileRef = F4C82D7F23068BA800A5D241 /* JYBaseLabel.swift */; };
		F4C82D8823068BA800A5D241 /* JYBaseImageView.swift in Sources */ = {isa = PBXBuildFile; fileRef = F4C82D8023068BA800A5D241 /* JYBaseImageView.swift */; };
		F4C82D8923068BA800A5D241 /* JYBaseView.swift in Sources */ = {isa = PBXBuildFile; fileRef = F4C82D8123068BA800A5D241 /* JYBaseView.swift */; };
		F4C82D8A23068BA800A5D241 /* JYUIModel.swift in Sources */ = {isa = PBXBuildFile; fileRef = F4C82D8223068BA800A5D241 /* JYUIModel.swift */; };
/* End PBXBuildFile section */

/* Begin PBXCopyFilesBuildPhase section */
		F4C82D61230676FA00A5D241 /* Embed Frameworks */ = {
			isa = PBXCopyFilesBuildPhase;
			buildActionMask = 2147483647;
			dstPath = "";
			dstSubfolderSpec = 10;
			files = (
			);
			name = "Embed Frameworks";
			runOnlyForDeploymentPostprocessing = 0;
		};
/* End PBXCopyFilesBuildPhase section */

/* Begin PBXFileReference section */
		F4C82D2A23063D0500A5D241 /* JYUIKit.app */ = {isa = PBXFileReference; explicitFileType = wrapper.application; includeInIndex = 0; path = JYUIKit.app; sourceTree = BUILT_PRODUCTS_DIR; };
		F4C82D2D23063D0500A5D241 /* AppDelegate.swift */ = {isa = PBXFileReference; lastKnownFileType = sourcecode.swift; path = AppDelegate.swift; sourceTree = "<group>"; };
		F4C82D2F23063D0500A5D241 /* ViewController.swift */ = {isa = PBXFileReference; lastKnownFileType = sourcecode.swift; path = ViewController.swift; sourceTree = "<group>"; };
		F4C82D3223063D0500A5D241 /* Base */ = {isa = PBXFileReference; lastKnownFileType = file.storyboard; name = Base; path = Base.lproj/Main.storyboard; sourceTree = "<group>"; };
		F4C82D3423063D0800A5D241 /* Assets.xcassets */ = {isa = PBXFileReference; lastKnownFileType = folder.assetcatalog; path = Assets.xcassets; sourceTree = "<group>"; };
		F4C82D3723063D0800A5D241 /* Base */ = {isa = PBXFileReference; lastKnownFileType = file.storyboard; name = Base; path = Base.lproj/LaunchScreen.storyboard; sourceTree = "<group>"; };
		F4C82D3923063D0800A5D241 /* Info.plist */ = {isa = PBXFileReference; lastKnownFileType = text.plist.xml; path = Info.plist; sourceTree = "<group>"; };
		F4C82D7B23068BA800A5D241 /* JYBaseTextFiled.swift */ = {isa = PBXFileReference; fileEncoding = 4; lastKnownFileType = sourcecode.swift; path = JYBaseTextFiled.swift; sourceTree = "<group>"; };
		F4C82D7C23068BA800A5D241 /* JYBaseScrollView.swift */ = {isa = PBXFileReference; fileEncoding = 4; lastKnownFileType = sourcecode.swift; path = JYBaseScrollView.swift; sourceTree = "<group>"; };
		F4C82D7D23068BA800A5D241 /* JYBaseButton.swift */ = {isa = PBXFileReference; fileEncoding = 4; lastKnownFileType = sourcecode.swift; path = JYBaseButton.swift; sourceTree = "<group>"; };
		F4C82D7E23068BA800A5D241 /* JYBaseTableView.swift */ = {isa = PBXFileReference; fileEncoding = 4; lastKnownFileType = sourcecode.swift; path = JYBaseTableView.swift; sourceTree = "<group>"; };
		F4C82D7F23068BA800A5D241 /* JYBaseLabel.swift */ = {isa = PBXFileReference; fileEncoding = 4; lastKnownFileType = sourcecode.swift; path = JYBaseLabel.swift; sourceTree = "<group>"; };
		F4C82D8023068BA800A5D241 /* JYBaseImageView.swift */ = {isa = PBXFileReference; fileEncoding = 4; lastKnownFileType = sourcecode.swift; path = JYBaseImageView.swift; sourceTree = "<group>"; };
		F4C82D8123068BA800A5D241 /* JYBaseView.swift */ = {isa = PBXFileReference; fileEncoding = 4; lastKnownFileType = sourcecode.swift; path = JYBaseView.swift; sourceTree = "<group>"; };
		F4C82D8223068BA800A5D241 /* JYUIModel.swift */ = {isa = PBXFileReference; fileEncoding = 4; lastKnownFileType = sourcecode.swift; path = JYUIModel.swift; sourceTree = "<group>"; };
/* End PBXFileReference section */

/* Begin PBXFrameworksBuildPhase section */
		F4C82D2723063D0500A5D241 /* Frameworks */ = {
			isa = PBXFrameworksBuildPhase;
			buildActionMask = 2147483647;
			files = (
			);
			runOnlyForDeploymentPostprocessing = 0;
		};
/* End PBXFrameworksBuildPhase section */

/* Begin PBXGroup section */
		F4C82D2123063D0500A5D241 = {
			isa = PBXGroup;
			children = (
				F4C82D7A23068BA800A5D241 /* UIKit */,
				F4C82D2C23063D0500A5D241 /* JYUIKit */,
				F4C82D2B23063D0500A5D241 /* Products */,
			);
			sourceTree = "<group>";
		};
		F4C82D2B23063D0500A5D241 /* Products */ = {
			isa = PBXGroup;
			children = (
				F4C82D2A23063D0500A5D241 /* JYUIKit.app */,
			);
			name = Products;
			sourceTree = "<group>";
		};
		F4C82D2C23063D0500A5D241 /* JYUIKit */ = {
			isa = PBXGroup;
			children = (
				F4C82D2D23063D0500A5D241 /* AppDelegate.swift */,
				F4C82D2F23063D0500A5D241 /* ViewController.swift */,
				F4C82D3123063D0500A5D241 /* Main.storyboard */,
				F4C82D3423063D0800A5D241 /* Assets.xcassets */,
				F4C82D3623063D0800A5D241 /* LaunchScreen.storyboard */,
				F4C82D3923063D0800A5D241 /* Info.plist */,
			);
			path = JYUIKit;
			sourceTree = "<group>";
		};
		F4C82D7A23068BA800A5D241 /* UIKit */ = {
			isa = PBXGroup;
			children = (
				F4C82D7B23068BA800A5D241 /* JYBaseTextFiled.swift */,
				F4C82D7C23068BA800A5D241 /* JYBaseScrollView.swift */,
				F4C82D7D23068BA800A5D241 /* JYBaseButton.swift */,
				F4C82D7E23068BA800A5D241 /* JYBaseTableView.swift */,
				F4C82D7F23068BA800A5D241 /* JYBaseLabel.swift */,
				F4C82D8023068BA800A5D241 /* JYBaseImageView.swift */,
				F4C82D8123068BA800A5D241 /* JYBaseView.swift */,
				F4C82D8223068BA800A5D241 /* JYUIModel.swift */,
			);
			path = UIKit;
			sourceTree = "<group>";
		};
/* End PBXGroup section */

/* Begin PBXNativeTarget section */
		F4C82D2923063D0500A5D241 /* JYUIKit */ = {
			isa = PBXNativeTarget;
			buildConfigurationList = F4C82D3C23063D0800A5D241 /* Build configuration list for PBXNativeTarget "JYUIKit" */;
			buildPhases = (
				F4C82D2623063D0500A5D241 /* Sources */,
				F4C82D2723063D0500A5D241 /* Frameworks */,
				F4C82D2823063D0500A5D241 /* Resources */,
				F4C82D61230676FA00A5D241 /* Embed Frameworks */,
			);
			buildRules = (
			);
			dependencies = (
			);
			name = JYUIKit;
			productName = JYUIKit;
			productReference = F4C82D2A23063D0500A5D241 /* JYUIKit.app */;
			productType = "com.apple.product-type.application";
		};
/* End PBXNativeTarget section */

/* Begin PBXProject section */
		F4C82D2223063D0500A5D241 /* Project object */ = {
			isa = PBXProject;
			attributes = {
				LastSwiftUpdateCheck = 1030;
				LastUpgradeCheck = 1030;
				ORGANIZATIONNAME = "张冬";
				TargetAttributes = {
					F4C82D2923063D0500A5D241 = {
						CreatedOnToolsVersion = 10.3;
					};
				};
			};
			buildConfigurationList = F4C82D2523063D0500A5D241 /* Build configuration list for PBXProject "JYUIKit" */;
			compatibilityVersion = "Xcode 9.3";
			developmentRegion = en;
			hasScannedForEncodings = 0;
			knownRegions = (
				en,
				Base,
			);
			mainGroup = F4C82D2123063D0500A5D241;
			productRefGroup = F4C82D2B23063D0500A5D241 /* Products */;
			projectDirPath = "";
			projectRoot = "";
			targets = (
				F4C82D2923063D0500A5D241 /* JYUIKit */,
			);
		};
/* End PBXProject section */

/* Begin PBXResourcesBuildPhase section */
		F4C82D2823063D0500A5D241 /* Resources */ = {
			isa = PBXResourcesBuildPhase;
			buildActionMask = 2147483647;
			files = (
				F4C82D3823063D0800A5D241 /* LaunchScreen.storyboard in Resources */,
				F4C82D3523063D0800A5D241 /* Assets.xcassets in Resources */,
				F4C82D3323063D0500A5D241 /* Main.storyboard in Resources */,
			);
			runOnlyForDeploymentPostprocessing = 0;
		};
/* End PBXResourcesBuildPhase section */

/* Begin PBXSourcesBuildPhase section */
		F4C82D2623063D0500A5D241 /* Sources */ = {
			isa = PBXSourcesBuildPhase;
			buildActionMask = 2147483647;
			files = (
				F4C82D8923068BA800A5D241 /* JYBaseView.swift in Sources */,
				F4C82D3023063D0500A5D241 /* ViewController.swift in Sources */,
				F4C82D8423068BA800A5D241 /* JYBaseScrollView.swift in Sources */,
				F4C82D8323068BA800A5D241 /* JYBaseTextFiled.swift in Sources */,
				F4C82D8623068BA800A5D241 /* JYBaseTableView.swift in Sources */,
				F4C82D8823068BA800A5D241 /* JYBaseImageView.swift in Sources */,
				F4C82D8A23068BA800A5D241 /* JYUIModel.swift in Sources */,
				F4C82D8523068BA800A5D241 /* JYBaseButton.swift in Sources */,
				F4C82D8723068BA800A5D241 /* JYBaseLabel.swift in Sources */,
				F4C82D2E23063D0500A5D241 /* AppDelegate.swift in Sources */,
			);
			runOnlyForDeploymentPostprocessing = 0;
		};
/* End PBXSourcesBuildPhase section */

/* Begin PBXVariantGroup section */
		F4C82D3123063D0500A5D241 /* Main.storyboard */ = {
			isa = PBXVariantGroup;
			children = (
				F4C82D3223063D0500A5D241 /* Base */,
			);
			name = Main.storyboard;
			sourceTree = "<group>";
		};
		F4C82D3623063D0800A5D241 /* LaunchScreen.storyboard */ = {
			isa = PBXVariantGroup;
			children = (
				F4C82D3723063D0800A5D241 /* Base */,
			);
			name = LaunchScreen.storyboard;
			sourceTree = "<group>";
		};
/* End PBXVariantGroup section */

/* Begin XCBuildConfiguration section */
		F4C82D3A23063D0800A5D241 /* Debug */ = {
			isa = XCBuildConfiguration;
			buildSettings = {
				ALWAYS_SEARCH_USER_PATHS = NO;
				CLANG_ANALYZER_NONNULL = YES;
				CLANG_ANALYZER_NUMBER_OBJECT_CONVERSION = YES_AGGRESSIVE;
				CLANG_CXX_LANGUAGE_STANDARD = "gnu++14";
				CLANG_CXX_LIBRARY = "libc++";
				CLANG_ENABLE_MODULES = YES;
				CLANG_ENABLE_OBJC_ARC = YES;
				CLANG_ENABLE_OBJC_WEAK = YES;
				CLANG_WARN_BLOCK_CAPTURE_AUTORELEASING = YES;
				CLANG_WARN_BOOL_CONVERSION = YES;
				CLANG_WARN_COMMA = YES;
				CLANG_WARN_CONSTANT_CONVERSION = YES;
				CLANG_WARN_DEPRECATED_OBJC_IMPLEMENTATIONS = YES;
				CLANG_WARN_DIRECT_OBJC_ISA_USAGE = YES_ERROR;
				CLANG_WARN_DOCUMENTATION_COMMENTS = YES;
				CLANG_WARN_EMPTY_BODY = YES;
				CLANG_WARN_ENUM_CONVERSION = YES;
				CLANG_WARN_INFINITE_RECURSION = YES;
				CLANG_WARN_INT_CONVERSION = YES;
				CLANG_WARN_NON_LITERAL_NULL_CONVERSION = YES;
				CLANG_WARN_OBJC_IMPLICIT_RETAIN_SELF = YES;
				CLANG_WARN_OBJC_LITERAL_CONVERSION = YES;
				CLANG_WARN_OBJC_ROOT_CLASS = YES_ERROR;
				CLANG_WARN_RANGE_LOOP_ANALYSIS = YES;
				CLANG_WARN_STRICT_PROTOTYPES = YES;
				CLANG_WARN_SUSPICIOUS_MOVE = YES;
				CLANG_WARN_UNGUARDED_AVAILABILITY = YES_AGGRESSIVE;
				CLANG_WARN_UNREACHABLE_CODE = YES;
				CLANG_WARN__DUPLICATE_METHOD_MATCH = YES;
				CODE_SIGN_IDENTITY = "iPhone Developer";
				COPY_PHASE_STRIP = NO;
				DEBUG_INFORMATION_FORMAT = dwarf;
				ENABLE_STRICT_OBJC_MSGSEND = YES;
				ENABLE_TESTABILITY = YES;
				GCC_C_LANGUAGE_STANDARD = gnu11;
				GCC_DYNAMIC_NO_PIC = NO;
				GCC_NO_COMMON_BLOCKS = YES;
				GCC_OPTIMIZATION_LEVEL = 0;
				GCC_PREPROCESSOR_DEFINITIONS = (
					"DEBUG=1",
					"$(inherited)",
				);
				GCC_WARN_64_TO_32_BIT_CONVERSION = YES;
				GCC_WARN_ABOUT_RETURN_TYPE = YES_ERROR;
				GCC_WARN_UNDECLARED_SELECTOR = YES;
				GCC_WARN_UNINITIALIZED_AUTOS = YES_AGGRESSIVE;
				GCC_WARN_UNUSED_FUNCTION = YES;
				GCC_WARN_UNUSED_VARIABLE = YES;
				IPHONEOS_DEPLOYMENT_TARGET = 12.4;
				MTL_ENABLE_DEBUG_INFO = INCLUDE_SOURCE;
				MTL_FAST_MATH = YES;
				ONLY_ACTIVE_ARCH = YES;
				SDKROOT = iphoneos;
				SWIFT_ACTIVE_COMPILATION_CONDITIONS = DEBUG;
				SWIFT_OPTIMIZATION_LEVEL = "-Onone";
			};
			name = Debug;
		};
		F4C82D3B23063D0800A5D241 /* Release */ = {
			isa = XCBuildConfiguration;
			buildSettings = {
				ALWAYS_SEARCH_USER_PATHS = NO;
				CLANG_ANALYZER_NONNULL = YES;
				CLANG_ANALYZER_NUMBER_OBJECT_CONVERSION = YES_AGGRESSIVE;
				CLANG_CXX_LANGUAGE_STANDARD = "gnu++14";
				CLANG_CXX_LIBRARY = "libc++";
				CLANG_ENABLE_MODULES = YES;
				CLANG_ENABLE_OBJC_ARC = YES;
				CLANG_ENABLE_OBJC_WEAK = YES;
				CLANG_WARN_BLOCK_CAPTURE_AUTORELEASING = YES;
				CLANG_WARN_BOOL_CONVERSION = YES;
				CLANG_WARN_COMMA = YES;
				CLANG_WARN_CONSTANT_CONVERSION = YES;
				CLANG_WARN_DEPRECATED_OBJC_IMPLEMENTATIONS = YES;
				CLANG_WARN_DIRECT_OBJC_ISA_USAGE = YES_ERROR;
				CLANG_WARN_DOCUMENTATION_COMMENTS = YES;
				CLANG_WARN_EMPTY_BODY = YES;
				CLANG_WARN_ENUM_CONVERSION = YES;
				CLANG_WARN_INFINITE_RECURSION = YES;
				CLANG_WARN_INT_CONVERSION = YES;
				CLANG_WARN_NON_LITERAL_NULL_CONVERSION = YES;
				CLANG_WARN_OBJC_IMPLICIT_RETAIN_SELF = YES;
				CLANG_WARN_OBJC_LITERAL_CONVERSION = YES;
				CLANG_WARN_OBJC_ROOT_CLASS = YES_ERROR;
				CLANG_WARN_RANGE_LOOP_ANALYSIS = YES;
				CLANG_WARN_STRICT_PROTOTYPES = YES;
				CLANG_WARN_SUSPICIOUS_MOVE = YES;
				CLANG_WARN_UNGUARDED_AVAILABILITY = YES_AGGRESSIVE;
				CLANG_WARN_UNREACHABLE_CODE = YES;
				CLANG_WARN__DUPLICATE_METHOD_MATCH = YES;
				CODE_SIGN_IDENTITY = "iPhone Developer";
				COPY_PHASE_STRIP = NO;
				DEBUG_INFORMATION_FORMAT = "dwarf-with-dsym";
				ENABLE_NS_ASSERTIONS = NO;
				ENABLE_STRICT_OBJC_MSGSEND = YES;
				GCC_C_LANGUAGE_STANDARD = gnu11;
				GCC_NO_COMMON_BLOCKS = YES;
				GCC_WARN_64_TO_32_BIT_CONVERSION = YES;
				GCC_WARN_ABOUT_RETURN_TYPE = YES_ERROR;
				GCC_WARN_UNDECLARED_SELECTOR = YES;
				GCC_WARN_UNINITIALIZED_AUTOS = YES_AGGRESSIVE;
				GCC_WARN_UNUSED_FUNCTION = YES;
				GCC_WARN_UNUSED_VARIABLE = YES;
				IPHONEOS_DEPLOYMENT_TARGET = 12.4;
				MTL_ENABLE_DEBUG_INFO = NO;
				MTL_FAST_MATH = YES;
				SDKROOT = iphoneos;
				SWIFT_COMPILATION_MODE = wholemodule;
				SWIFT_OPTIMIZATION_LEVEL = "-O";
				VALIDATE_PRODUCT = YES;
			};
			name = Release;
		};
		F4C82D3D23063D0800A5D241 /* Debug */ = {
			isa = XCBuildConfiguration;
			buildSettings = {
				ASSETCATALOG_COMPILER_APPICON_NAME = AppIcon;
				CODE_SIGN_STYLE = Automatic;
				DEVELOPMENT_TEAM = BPVTCDP2FU;
				INFOPLIST_FILE = JYUIKit/Info.plist;
				LD_RUNPATH_SEARCH_PATHS = (
					"$(inherited)",
					"@executable_path/Frameworks",
				);
				PRODUCT_BUNDLE_IDENTIFIER = "com.round-table-union.JYUIKit";
				PRODUCT_NAME = "$(TARGET_NAME)";
				SWIFT_VERSION = 5.0;
				TARGETED_DEVICE_FAMILY = "1,2";
			};
			name = Debug;
		};
		F4C82D3E23063D0800A5D241 /* Release */ = {
			isa = XCBuildConfiguration;
			buildSettings = {
				ASSETCATALOG_COMPILER_APPICON_NAME = AppIcon;
				CODE_SIGN_STYLE = Automatic;
				DEVELOPMENT_TEAM = BPVTCDP2FU;
				INFOPLIST_FILE = JYUIKit/Info.plist;
				LD_RUNPATH_SEARCH_PATHS = (
					"$(inherited)",
					"@executable_path/Frameworks",
				);
				PRODUCT_BUNDLE_IDENTIFIER = "com.round-table-union.JYUIKit";
				PRODUCT_NAME = "$(TARGET_NAME)";
				SWIFT_VERSION = 5.0;
				TARGETED_DEVICE_FAMILY = "1,2";
			};
			name = Release;
		};
/* End XCBuildConfiguration section */

/* Begin XCConfigurationList section */
		F4C82D2523063D0500A5D241 /* Build configuration list for PBXProject "JYUIKit" */ = {
			isa = XCConfigurationList;
			buildConfigurations = (
				F4C82D3A23063D0800A5D241 /* Debug */,
				F4C82D3B23063D0800A5D241 /* Release */,
			);
			defaultConfigurationIsVisible = 0;
			defaultConfigurationName = Release;
		};
		F4C82D3C23063D0800A5D241 /* Build configuration list for PBXNativeTarget "JYUIKit" */ = {
			isa = XCConfigurationList;
			buildConfigurations = (
				F4C82D3D23063D0800A5D241 /* Debug */,
				F4C82D3E23063D0800A5D241 /* Release */,
			);
			defaultConfigurationIsVisible = 0;
			defaultConfigurationName = Release;
		};
/* End XCConfigurationList section */
	};
	rootObject = F4C82D2223063D0500A5D241 /* Project object */;
}
